
Microsoft Visual Studio Solution File, Format Version 12.00
# Visual Studio Version 16
VisualStudioVersion = 16.0.29728.190
MinimumVisualStudioVersion = 10.0.40219.1
Project("{FAE04EC0-301F-11D3-BF4B-00C04F79EFBC}") = "Escaplication", "Escaplication\Escaplication.csproj", "{0FE2EC45-BECD-4EDD-9E2C-72973244E515}"
EndProject
Global
	GlobalSection(SolutionConfigurationPlatforms) = preSolution
		Debug|Any CPU = Debug|Any CPU
		Release|Any CPU = Release|Any CPU
	EndGlobalSection
	GlobalSection(ProjectConfigurationPlatforms) = postSolution
		{0FE2EC45-BECD-4EDD-9E2C-72973244E515}.Debug|Any CPU.ActiveCfg = Debug|Any CPU
		{0FE2EC45-BECD-4EDD-9E2C-72973244E515}.Debug|Any CPU.Build.0 = Debug|Any CPU
		{0FE2EC45-BECD-4EDD-9E2C-72973244E515}.Release|Any CPU.ActiveCfg = Release|Any CPU
		{0FE2EC45-BECD-4EDD-9E2C-72973244E515}.Release|Any CPU.Build.0 = Release|Any CPU
	EndGlobalSection
	GlobalSection(SolutionProperties) = preSolution
		HideSolutionNode = FALSE
	EndGlobalSection
	GlobalSection(ExtensibilityGlobals) = postSolution
		SolutionGuid = {4CA33B51-A769-4CB3-A735-30439EA5E2AE}
	EndGlobalSection
EndGlobal
