
Microsoft Visual Studio Solution File, Format Version 12.00
# Visual Studio Version 16
VisualStudioVersion = 16.0.29728.190
MinimumVisualStudioVersion = 10.0.40219.1
Project("{FAE04EC0-301F-11D3-BF4B-00C04F79EFBC}") = "Escapeplication", "Escapeplication\Escapeplication.csproj", "{9016E234-7431-4522-B108-052614A75A76}"
EndProject
Global
	GlobalSection(SolutionConfigurationPlatforms) = preSolution
		Debug|Any CPU = Debug|Any CPU
		Release|Any CPU = Release|Any CPU
	EndGlobalSection
	GlobalSection(ProjectConfigurationPlatforms) = postSolution
		{9016E234-7431-4522-B108-052614A75A76}.Debug|Any CPU.ActiveCfg = Debug|Any CPU
		{9016E234-7431-4522-B108-052614A75A76}.Debug|Any CPU.Build.0 = Debug|Any CPU
		{9016E234-7431-4522-B108-052614A75A76}.Release|Any CPU.ActiveCfg = Release|Any CPU
		{9016E234-7431-4522-B108-052614A75A76}.Release|Any CPU.Build.0 = Release|Any CPU
	EndGlobalSection
	GlobalSection(SolutionProperties) = preSolution
		HideSolutionNode = FALSE
	EndGlobalSection
	GlobalSection(ExtensibilityGlobals) = postSolution
		SolutionGuid = {0F1C8C19-4870-45FE-9048-DF8447575801}
	EndGlobalSection
EndGlobal
